
Microsoft Visual Studio Solution File, Format Version 12.00
# Visual Studio Version 17
VisualStudioVersion = 17.3.32929.385
MinimumVisualStudioVersion = 10.0.40219.1
Project("{9A19103F-16F7-4668-BE54-9A1E7A4F7556}") = "AdminService", "AdminService\AdminService.csproj", "{FA05DE24-3703-49CF-B177-0DB901AA778D}"
EndProject
Project("{9A19103F-16F7-4668-BE54-9A1E7A4F7556}") = "WebApi.XunitTest", "WebApi.XunitTest\WebApi.XunitTest.csproj", "{9F2C55FB-909C-4039-9E6C-50202831BB20}"
EndProject
Project("{FAE04EC0-301F-11D3-BF4B-00C04F79EFBC}") = "APIGateway", "APIGateway\APIGateway.csproj", "{0F70743B-A575-4A9B-91EB-C3FC15ABDBDA}"
EndProject
Project("{FAE04EC0-301F-11D3-BF4B-00C04F79EFBC}") = "OperationService", "OperationService\OperationService.csproj", "{A7A89FB2-C4EE-4CB8-B83F-9800C7ED0E1E}"
EndProject
Global
	GlobalSection(SolutionConfigurationPlatforms) = preSolution
		Debug|Any CPU = Debug|Any CPU
		Release|Any CPU = Release|Any CPU
	EndGlobalSection
	GlobalSection(ProjectConfigurationPlatforms) = postSolution
		{FA05DE24-3703-49CF-B177-0DB901AA778D}.Debug|Any CPU.ActiveCfg = Debug|Any CPU
		{FA05DE24-3703-49CF-B177-0DB901AA778D}.Debug|Any CPU.Build.0 = Debug|Any CPU
		{FA05DE24-3703-49CF-B177-0DB901AA778D}.Release|Any CPU.ActiveCfg = Release|Any CPU
		{FA05DE24-3703-49CF-B177-0DB901AA778D}.Release|Any CPU.Build.0 = Release|Any CPU
		{9F2C55FB-909C-4039-9E6C-50202831BB20}.Debug|Any CPU.ActiveCfg = Debug|Any CPU
		{9F2C55FB-909C-4039-9E6C-50202831BB20}.Debug|Any CPU.Build.0 = Debug|Any CPU
		{9F2C55FB-909C-4039-9E6C-50202831BB20}.Release|Any CPU.ActiveCfg = Release|Any CPU
		{9F2C55FB-909C-4039-9E6C-50202831BB20}.Release|Any CPU.Build.0 = Release|Any CPU
		{0F70743B-A575-4A9B-91EB-C3FC15ABDBDA}.Debug|Any CPU.ActiveCfg = Debug|Any CPU
		{0F70743B-A575-4A9B-91EB-C3FC15ABDBDA}.Debug|Any CPU.Build.0 = Debug|Any CPU
		{0F70743B-A575-4A9B-91EB-C3FC15ABDBDA}.Release|Any CPU.ActiveCfg = Release|Any CPU
		{0F70743B-A575-4A9B-91EB-C3FC15ABDBDA}.Release|Any CPU.Build.0 = Release|Any CPU
		{A7A89FB2-C4EE-4CB8-B83F-9800C7ED0E1E}.Debug|Any CPU.ActiveCfg = Debug|Any CPU
		{A7A89FB2-C4EE-4CB8-B83F-9800C7ED0E1E}.Debug|Any CPU.Build.0 = Debug|Any CPU
		{A7A89FB2-C4EE-4CB8-B83F-9800C7ED0E1E}.Release|Any CPU.ActiveCfg = Release|Any CPU
		{A7A89FB2-C4EE-4CB8-B83F-9800C7ED0E1E}.Release|Any CPU.Build.0 = Release|Any CPU
	EndGlobalSection
	GlobalSection(SolutionProperties) = preSolution
		HideSolutionNode = FALSE
	EndGlobalSection
	GlobalSection(ExtensibilityGlobals) = postSolution
		SolutionGuid = {48D3D257-27ED-42A3-AA2B-B00726130B4D}
	EndGlobalSection
EndGlobal
